
Microsoft Visual Studio Solution File, Format Version 12.00
# Visual Studio Version 16
VisualStudioVersion = 16.0.28729.10
MinimumVisualStudioVersion = 10.0.40219.1
Project("{9A19103F-16F7-4668-BE54-9A1E7A4F7556}") = "SimplePolicy", "SimplePolicy\SimplePolicy.csproj", "{322C366E-F891-47FD-A039-0FEF79BCB6D5}"
EndProject
Project("{9A19103F-16F7-4668-BE54-9A1E7A4F7556}") = "ApplicationLogs", "ApplicationLogs\ApplicationLogs.csproj", "{84DA8EA6-EF60-4FCD-B1C6-65C1A8323B3F}"
EndProject
Project("{9A19103F-16F7-4668-BE54-9A1E7A4F7556}") = "RpcSecurity", "RpcSecurity\RpcSecurity.csproj", "{6800D782-8EC0-49E9-98C4-195C8F781A1F}"
EndProject
Project("{9A19103F-16F7-4668-BE54-9A1E7A4F7556}") = "StatesDumper", "StatesDumper\StatesDumper.csproj", "{86531DB1-A231-46C4-823F-BE60972F7523}"
EndProject
Project("{9A19103F-16F7-4668-BE54-9A1E7A4F7556}") = "ImportBlocks", "ImportBlocks\ImportBlocks.csproj", "{B7A42984-57BB-4F8D-967B-23B0E841B726}"
EndProject
Project("{9A19103F-16F7-4668-BE54-9A1E7A4F7556}") = "SimplePolicy.UnitTests", "SimplePolicy.UnitTests\SimplePolicy.UnitTests.csproj", "{0DA81327-DC81-4960-91C8-4C5F8B9B804C}"
EndProject
Project("{9A19103F-16F7-4668-BE54-9A1E7A4F7556}") = "RpcWallet", "RpcWallet\RpcWallet.csproj", "{EF32A7E5-EDF9-438C-8041-8DA6E675A7FD}"
EndProject
Project("{9A19103F-16F7-4668-BE54-9A1E7A4F7556}") = "RpcNep5Tracker", "RpcNep5Tracker\RpcNep5Tracker.csproj", "{BBE8AC15-12DF-4AF0-ABC1-F1557EB5DC8E}"
EndProject
Project("{9A19103F-16F7-4668-BE54-9A1E7A4F7556}") = "CoreMetrics", "CoreMetrics\CoreMetrics.csproj", "{AEFFF003-3500-416B-AD9B-8C838C33C1F4}"
EndProject
Project("{9A19103F-16F7-4668-BE54-9A1E7A4F7556}") = "RpcSystemAssetTracker", "RpcSystemAssetTracker\RpcSystemAssetTracker.csproj", "{D3C183C1-8C23-4566-8909-EBF468DAD67A}"
EndProject
Global
	GlobalSection(SolutionConfigurationPlatforms) = preSolution
		Debug|Any CPU = Debug|Any CPU
		Release|Any CPU = Release|Any CPU
	EndGlobalSection
	GlobalSection(ProjectConfigurationPlatforms) = postSolution
		{322C366E-F891-47FD-A039-0FEF79BCB6D5}.Debug|Any CPU.ActiveCfg = Debug|Any CPU
		{322C366E-F891-47FD-A039-0FEF79BCB6D5}.Debug|Any CPU.Build.0 = Debug|Any CPU
		{322C366E-F891-47FD-A039-0FEF79BCB6D5}.Release|Any CPU.ActiveCfg = Release|Any CPU
		{322C366E-F891-47FD-A039-0FEF79BCB6D5}.Release|Any CPU.Build.0 = Release|Any CPU
		{84DA8EA6-EF60-4FCD-B1C6-65C1A8323B3F}.Debug|Any CPU.ActiveCfg = Debug|Any CPU
		{84DA8EA6-EF60-4FCD-B1C6-65C1A8323B3F}.Debug|Any CPU.Build.0 = Debug|Any CPU
		{84DA8EA6-EF60-4FCD-B1C6-65C1A8323B3F}.Release|Any CPU.ActiveCfg = Release|Any CPU
		{84DA8EA6-EF60-4FCD-B1C6-65C1A8323B3F}.Release|Any CPU.Build.0 = Release|Any CPU
		{6800D782-8EC0-49E9-98C4-195C8F781A1F}.Debug|Any CPU.ActiveCfg = Debug|Any CPU
		{6800D782-8EC0-49E9-98C4-195C8F781A1F}.Debug|Any CPU.Build.0 = Debug|Any CPU
		{6800D782-8EC0-49E9-98C4-195C8F781A1F}.Release|Any CPU.ActiveCfg = Release|Any CPU
		{6800D782-8EC0-49E9-98C4-195C8F781A1F}.Release|Any CPU.Build.0 = Release|Any CPU
		{86531DB1-A231-46C4-823F-BE60972F7523}.Debug|Any CPU.ActiveCfg = Debug|Any CPU
		{86531DB1-A231-46C4-823F-BE60972F7523}.Debug|Any CPU.Build.0 = Debug|Any CPU
		{86531DB1-A231-46C4-823F-BE60972F7523}.Release|Any CPU.ActiveCfg = Release|Any CPU
		{86531DB1-A231-46C4-823F-BE60972F7523}.Release|Any CPU.Build.0 = Release|Any CPU
		{B7A42984-57BB-4F8D-967B-23B0E841B726}.Debug|Any CPU.ActiveCfg = Debug|Any CPU
		{B7A42984-57BB-4F8D-967B-23B0E841B726}.Debug|Any CPU.Build.0 = Debug|Any CPU
		{B7A42984-57BB-4F8D-967B-23B0E841B726}.Release|Any CPU.ActiveCfg = Release|Any CPU
		{B7A42984-57BB-4F8D-967B-23B0E841B726}.Release|Any CPU.Build.0 = Release|Any CPU
		{0DA81327-DC81-4960-91C8-4C5F8B9B804C}.Debug|Any CPU.ActiveCfg = Debug|Any CPU
		{0DA81327-DC81-4960-91C8-4C5F8B9B804C}.Debug|Any CPU.Build.0 = Debug|Any CPU
		{0DA81327-DC81-4960-91C8-4C5F8B9B804C}.Release|Any CPU.ActiveCfg = Release|Any CPU
		{EF32A7E5-EDF9-438C-8041-8DA6E675A7FD}.Debug|Any CPU.ActiveCfg = Debug|Any CPU
		{EF32A7E5-EDF9-438C-8041-8DA6E675A7FD}.Debug|Any CPU.Build.0 = Debug|Any CPU
		{EF32A7E5-EDF9-438C-8041-8DA6E675A7FD}.Release|Any CPU.ActiveCfg = Release|Any CPU
		{EF32A7E5-EDF9-438C-8041-8DA6E675A7FD}.Release|Any CPU.Build.0 = Release|Any CPU
		{BBE8AC15-12DF-4AF0-ABC1-F1557EB5DC8E}.Debug|Any CPU.ActiveCfg = Debug|Any CPU
		{BBE8AC15-12DF-4AF0-ABC1-F1557EB5DC8E}.Debug|Any CPU.Build.0 = Debug|Any CPU
		{BBE8AC15-12DF-4AF0-ABC1-F1557EB5DC8E}.Release|Any CPU.ActiveCfg = Release|Any CPU
		{BBE8AC15-12DF-4AF0-ABC1-F1557EB5DC8E}.Release|Any CPU.Build.0 = Release|Any CPU
		{AEFFF003-3500-416B-AD9B-8C838C33C1F4}.Debug|Any CPU.ActiveCfg = Debug|Any CPU
		{AEFFF003-3500-416B-AD9B-8C838C33C1F4}.Debug|Any CPU.Build.0 = Debug|Any CPU
		{AEFFF003-3500-416B-AD9B-8C838C33C1F4}.Release|Any CPU.ActiveCfg = Release|Any CPU
		{AEFFF003-3500-416B-AD9B-8C838C33C1F4}.Release|Any CPU.Build.0 = Release|Any CPU
		{D3C183C1-8C23-4566-8909-EBF468DAD67A}.Debug|Any CPU.ActiveCfg = Debug|Any CPU
		{D3C183C1-8C23-4566-8909-EBF468DAD67A}.Debug|Any CPU.Build.0 = Debug|Any CPU
		{D3C183C1-8C23-4566-8909-EBF468DAD67A}.Release|Any CPU.ActiveCfg = Release|Any CPU
		{D3C183C1-8C23-4566-8909-EBF468DAD67A}.Release|Any CPU.Build.0 = Release|Any CPU
	EndGlobalSection
	GlobalSection(SolutionProperties) = preSolution
		HideSolutionNode = FALSE
	EndGlobalSection
	GlobalSection(ExtensibilityGlobals) = postSolution
		SolutionGuid = {61D3ADE6-BBFC-402D-AB42-1C71C9F9EDE3}
	EndGlobalSection
EndGlobal
