Microsoft Visual Studio Solution File, Format Version 12.00
# Visual Studio Version 16
VisualStudioVersion = 16.0.28729.10
MinimumVisualStudioVersion = 10.0.40219.1
Project("{2150E333-8FDC-42A3-9474-1A3956D46DE8}") = "src", "src", "{97E81C78-1637-481F-9485-DA1225E94C23}"
EndProject
Project("{2150E333-8FDC-42A3-9474-1A3956D46DE8}") = "tests", "tests", "{59D802AB-C552-422A-B9C3-64D329FBCDCC}"
EndProject
Project("{9A19103F-16F7-4668-BE54-9A1E7A4F7556}") = "ApplicationLogs", "src\ApplicationLogs\ApplicationLogs.csproj", "{84DA8EA6-EF60-4FCD-B1C6-65C1A8323B3F}"
EndProject
Project("{9A19103F-16F7-4668-BE54-9A1E7A4F7556}") = "StatesDumper", "src\StatesDumper\StatesDumper.csproj", "{86531DB1-A231-46C4-823F-BE60972F7523}"
EndProject
Project("{9A19103F-16F7-4668-BE54-9A1E7A4F7556}") = "RpcNep5Tracker", "src\RpcNep5Tracker\RpcNep5Tracker.csproj", "{BBE8AC15-12DF-4AF0-ABC1-F1557EB5DC8E}"
EndProject
Project("{9A19103F-16F7-4668-BE54-9A1E7A4F7556}") = "LevelDBStore", "src\LevelDBStore\LevelDBStore.csproj", "{C66214CD-0B97-4EA5-B7A2-164F54346F19}"
EndProject
Project("{9A19103F-16F7-4668-BE54-9A1E7A4F7556}") = "RocksDBStore", "src\RocksDBStore\RocksDBStore.csproj", "{0E2AAF05-C55A-4B36-8750-F55743FBE4B3}"
EndProject
Project("{9A19103F-16F7-4668-BE54-9A1E7A4F7556}") = "RpcClient", "src\RpcClient\RpcClient.csproj", "{8DC57A45-A192-4953-81B1-6907FB7C28D2}"
EndProject
Project("{9A19103F-16F7-4668-BE54-9A1E7A4F7556}") = "RpcServer", "src\RpcServer\RpcServer.csproj", "{1403FFE9-4265-4269-8E3D-5A79EFD108CA}"
EndProject
Project("{9A19103F-16F7-4668-BE54-9A1E7A4F7556}") = "Neo.Network.RPC.Tests", "tests\Neo.Network.RPC.Tests\Neo.Network.RPC.Tests.csproj", "{D52460B3-AB5C-4D07-B400-9E7ADCB01FF5}"
EndProject
Project("{9A19103F-16F7-4668-BE54-9A1E7A4F7556}") = "Neo.Plugins.Storage.Tests", "tests\Neo.Plugins.Storage.Tests\Neo.Plugins.Storage.Tests.csproj", "{9E7EA895-302A-4C0C-BA9B-54F9A67AD75C}"
EndProject
Project("{FAE04EC0-301F-11D3-BF4B-00C04F79EFBC}") = "FSStorage", "src\FSStorage\FSStorage.csproj", "{7E6291BA-6831-4C96-8806-938CAE093C98}"
EndProject
Global
	GlobalSection(SolutionConfigurationPlatforms) = preSolution
		Debug|Any CPU = Debug|Any CPU
		Release|Any CPU = Release|Any CPU
	EndGlobalSection
	GlobalSection(ProjectConfigurationPlatforms) = postSolution
		{84DA8EA6-EF60-4FCD-B1C6-65C1A8323B3F}.Debug|Any CPU.ActiveCfg = Debug|Any CPU
		{84DA8EA6-EF60-4FCD-B1C6-65C1A8323B3F}.Debug|Any CPU.Build.0 = Debug|Any CPU
		{84DA8EA6-EF60-4FCD-B1C6-65C1A8323B3F}.Release|Any CPU.ActiveCfg = Release|Any CPU
		{84DA8EA6-EF60-4FCD-B1C6-65C1A8323B3F}.Release|Any CPU.Build.0 = Release|Any CPU
		{86531DB1-A231-46C4-823F-BE60972F7523}.Debug|Any CPU.ActiveCfg = Debug|Any CPU
		{86531DB1-A231-46C4-823F-BE60972F7523}.Debug|Any CPU.Build.0 = Debug|Any CPU
		{86531DB1-A231-46C4-823F-BE60972F7523}.Release|Any CPU.ActiveCfg = Release|Any CPU
		{86531DB1-A231-46C4-823F-BE60972F7523}.Release|Any CPU.Build.0 = Release|Any CPU
		{BBE8AC15-12DF-4AF0-ABC1-F1557EB5DC8E}.Debug|Any CPU.ActiveCfg = Debug|Any CPU
		{BBE8AC15-12DF-4AF0-ABC1-F1557EB5DC8E}.Debug|Any CPU.Build.0 = Debug|Any CPU
		{BBE8AC15-12DF-4AF0-ABC1-F1557EB5DC8E}.Release|Any CPU.ActiveCfg = Release|Any CPU
		{BBE8AC15-12DF-4AF0-ABC1-F1557EB5DC8E}.Release|Any CPU.Build.0 = Release|Any CPU
		{C66214CD-0B97-4EA5-B7A2-164F54346F19}.Debug|Any CPU.ActiveCfg = Debug|Any CPU
		{C66214CD-0B97-4EA5-B7A2-164F54346F19}.Debug|Any CPU.Build.0 = Debug|Any CPU
		{C66214CD-0B97-4EA5-B7A2-164F54346F19}.Release|Any CPU.ActiveCfg = Release|Any CPU
		{C66214CD-0B97-4EA5-B7A2-164F54346F19}.Release|Any CPU.Build.0 = Release|Any CPU
		{0E2AAF05-C55A-4B36-8750-F55743FBE4B3}.Debug|Any CPU.ActiveCfg = Debug|Any CPU
		{0E2AAF05-C55A-4B36-8750-F55743FBE4B3}.Debug|Any CPU.Build.0 = Debug|Any CPU
		{0E2AAF05-C55A-4B36-8750-F55743FBE4B3}.Release|Any CPU.ActiveCfg = Release|Any CPU
		{0E2AAF05-C55A-4B36-8750-F55743FBE4B3}.Release|Any CPU.Build.0 = Release|Any CPU
		{8DC57A45-A192-4953-81B1-6907FB7C28D2}.Debug|Any CPU.ActiveCfg = Debug|Any CPU
		{8DC57A45-A192-4953-81B1-6907FB7C28D2}.Debug|Any CPU.Build.0 = Debug|Any CPU
		{8DC57A45-A192-4953-81B1-6907FB7C28D2}.Release|Any CPU.ActiveCfg = Release|Any CPU
		{8DC57A45-A192-4953-81B1-6907FB7C28D2}.Release|Any CPU.Build.0 = Release|Any CPU
		{1403FFE9-4265-4269-8E3D-5A79EFD108CA}.Debug|Any CPU.ActiveCfg = Debug|Any CPU
		{1403FFE9-4265-4269-8E3D-5A79EFD108CA}.Debug|Any CPU.Build.0 = Debug|Any CPU
		{1403FFE9-4265-4269-8E3D-5A79EFD108CA}.Release|Any CPU.ActiveCfg = Release|Any CPU
		{1403FFE9-4265-4269-8E3D-5A79EFD108CA}.Release|Any CPU.Build.0 = Release|Any CPU
		{D52460B3-AB5C-4D07-B400-9E7ADCB01FF5}.Debug|Any CPU.ActiveCfg = Debug|Any CPU
		{D52460B3-AB5C-4D07-B400-9E7ADCB01FF5}.Debug|Any CPU.Build.0 = Debug|Any CPU
		{D52460B3-AB5C-4D07-B400-9E7ADCB01FF5}.Release|Any CPU.ActiveCfg = Release|Any CPU
		{D52460B3-AB5C-4D07-B400-9E7ADCB01FF5}.Release|Any CPU.Build.0 = Release|Any CPU
		{9E7EA895-302A-4C0C-BA9B-54F9A67AD75C}.Debug|Any CPU.ActiveCfg = Debug|Any CPU
		{9E7EA895-302A-4C0C-BA9B-54F9A67AD75C}.Debug|Any CPU.Build.0 = Debug|Any CPU
		{9E7EA895-302A-4C0C-BA9B-54F9A67AD75C}.Release|Any CPU.ActiveCfg = Release|Any CPU
		{9E7EA895-302A-4C0C-BA9B-54F9A67AD75C}.Release|Any CPU.Build.0 = Release|Any CPU
		{7E6291BA-6831-4C96-8806-938CAE093C98}.Debug|Any CPU.ActiveCfg = Debug|Any CPU
		{7E6291BA-6831-4C96-8806-938CAE093C98}.Debug|Any CPU.Build.0 = Debug|Any CPU
		{7E6291BA-6831-4C96-8806-938CAE093C98}.Release|Any CPU.ActiveCfg = Release|Any CPU
		{7E6291BA-6831-4C96-8806-938CAE093C98}.Release|Any CPU.Build.0 = Release|Any CPU
	EndGlobalSection
	GlobalSection(SolutionProperties) = preSolution
		HideSolutionNode = FALSE
	EndGlobalSection
	GlobalSection(NestedProjects) = preSolution
		{84DA8EA6-EF60-4FCD-B1C6-65C1A8323B3F} = {97E81C78-1637-481F-9485-DA1225E94C23}
		{86531DB1-A231-46C4-823F-BE60972F7523} = {97E81C78-1637-481F-9485-DA1225E94C23}
		{BBE8AC15-12DF-4AF0-ABC1-F1557EB5DC8E} = {97E81C78-1637-481F-9485-DA1225E94C23}
		{C66214CD-0B97-4EA5-B7A2-164F54346F19} = {97E81C78-1637-481F-9485-DA1225E94C23}
		{0E2AAF05-C55A-4B36-8750-F55743FBE4B3} = {97E81C78-1637-481F-9485-DA1225E94C23}
		{8DC57A45-A192-4953-81B1-6907FB7C28D2} = {97E81C78-1637-481F-9485-DA1225E94C23}
		{1403FFE9-4265-4269-8E3D-5A79EFD108CA} = {97E81C78-1637-481F-9485-DA1225E94C23}
		{D52460B3-AB5C-4D07-B400-9E7ADCB01FF5} = {59D802AB-C552-422A-B9C3-64D329FBCDCC}
		{9E7EA895-302A-4C0C-BA9B-54F9A67AD75C} = {59D802AB-C552-422A-B9C3-64D329FBCDCC}
		{7E6291BA-6831-4C96-8806-938CAE093C98} = {97E81C78-1637-481F-9485-DA1225E94C23}
	EndGlobalSection
	GlobalSection(ExtensibilityGlobals) = postSolution
		SolutionGuid = {61D3ADE6-BBFC-402D-AB42-1C71C9F9EDE3}
	EndGlobalSection
EndGlobal
