
Microsoft Visual Studio Solution File, Format Version 12.00
# Visual Studio Version 16
VisualStudioVersion = 16.0.28729.10
MinimumVisualStudioVersion = 10.0.40219.1
Project("{2150E333-8FDC-42A3-9474-1A3956D46DE8}") = "src", "src", "{97E81C78-1637-481F-9485-DA1225E94C23}"
EndProject
Project("{2150E333-8FDC-42A3-9474-1A3956D46DE8}") = "tests", "tests", "{59D802AB-C552-422A-B9C3-64D329FBCDCC}"
EndProject
Project("{9A19103F-16F7-4668-BE54-9A1E7A4F7556}") = "ApplicationLogs", "src\ApplicationLogs\ApplicationLogs.csproj", "{84DA8EA6-EF60-4FCD-B1C6-65C1A8323B3F}"
EndProject
Project("{9A19103F-16F7-4668-BE54-9A1E7A4F7556}") = "StatesDumper", "src\StatesDumper\StatesDumper.csproj", "{86531DB1-A231-46C4-823F-BE60972F7523}"
EndProject
Project("{9A19103F-16F7-4668-BE54-9A1E7A4F7556}") = "RpcNep17Tracker", "src\RpcNep17Tracker\RpcNep17Tracker.csproj", "{BBE8AC15-12DF-4AF0-ABC1-F1557EB5DC8E}"
EndProject
Project("{9A19103F-16F7-4668-BE54-9A1E7A4F7556}") = "LevelDBStore", "src\LevelDBStore\LevelDBStore.csproj", "{C66214CD-0B97-4EA5-B7A2-164F54346F19}"
EndProject
Project("{9A19103F-16F7-4668-BE54-9A1E7A4F7556}") = "RocksDBStore", "src\RocksDBStore\RocksDBStore.csproj", "{0E2AAF05-C55A-4B36-8750-F55743FBE4B3}"
EndProject
Project("{9A19103F-16F7-4668-BE54-9A1E7A4F7556}") = "RpcClient", "src\RpcClient\RpcClient.csproj", "{8DC57A45-A192-4953-81B1-6907FB7C28D2}"
EndProject
Project("{9A19103F-16F7-4668-BE54-9A1E7A4F7556}") = "RpcServer", "src\RpcServer\RpcServer.csproj", "{1403FFE9-4265-4269-8E3D-5A79EFD108CA}"
EndProject
Project("{9A19103F-16F7-4668-BE54-9A1E7A4F7556}") = "Neo.Network.RPC.Tests", "tests\Neo.Network.RPC.Tests\Neo.Network.RPC.Tests.csproj", "{D52460B3-AB5C-4D07-B400-9E7ADCB01FF5}"
EndProject
Project("{9A19103F-16F7-4668-BE54-9A1E7A4F7556}") = "Neo.Plugins.Storage.Tests", "tests\Neo.Plugins.Storage.Tests\Neo.Plugins.Storage.Tests.csproj", "{9E7EA895-302A-4C0C-BA9B-54F9A67AD75C}"
EndProject
Project("{9A19103F-16F7-4668-BE54-9A1E7A4F7556}") = "OracleService", "src\OracleService\OracleService.csproj", "{9ABE9097-94AE-4B63-90DD-C20A0BC4D78E}"
EndProject
Project("{9A19103F-16F7-4668-BE54-9A1E7A4F7556}") = "Neo.Plugins.OracleService.Tests", "tests\Neo.Plugins.OracleService.Tests\Neo.Plugins.OracleService.Tests.csproj", "{DCEBBF09-C26B-47C8-A024-F1FF7601BEAF}"
EndProject
Project("{9A19103F-16F7-4668-BE54-9A1E7A4F7556}") = "StateService", "src\StateService\StateService.csproj", "{A0F4A66F-6F87-4B99-B8BE-A779BC002F47}"
EndProject
Project("{9A19103F-16F7-4668-BE54-9A1E7A4F7556}") = "Neo.Plugins.StateService.Tests", "tests\Neo.Plugins.StateService.Tests\Neo.Plugins.StateService.Tests.csproj", "{149822EC-4E0C-425F-A032-4196B615BFEB}"
EndProject
Project("{9A19103F-16F7-4668-BE54-9A1E7A4F7556}") = "DBFTPlugin", "src\DBFTPlugin\DBFTPlugin.csproj", "{90185D3E-4813-4BC1-98FE-26FD34311403}"
EndProject
Project("{9A19103F-16F7-4668-BE54-9A1E7A4F7556}") = "Neo.Plugins.RpcServer.Tests", "tests\Neo.Plugins.RpcServer.Tests\Neo.Plugins.RpcServer.Tests.csproj", "{0DDAF738-0FD3-40A7-A433-C514BCDDF542}"
EndProject
Project("{9A19103F-16F7-4668-BE54-9A1E7A4F7556}") = "FileStorage", "src\FileStorage\FileStorage.csproj", "{6BC88E18-3DC5-4514-BC96-AF631A0AC8A6}"
EndProject
Project("{9A19103F-16F7-4668-BE54-9A1E7A4F7556}") = "Neo.FileStorage.Tests", "tests\Neo.FileStorage.Tests\Neo.FileStorage.Tests.csproj", "{CFA12C4C-5752-49F6-B40D-8BE25EB6B0FB}"
EndProject
Project("{9A19103F-16F7-4668-BE54-9A1E7A4F7556}") = "neo", "..\..\3.0\neo\src\neo\neo.csproj", "{ECEDAF57-F2FC-4743-A3D0-86ED6D1C988B}"
EndProject
Global
	GlobalSection(SolutionConfigurationPlatforms) = preSolution
		Debug|Any CPU = Debug|Any CPU
		Release|Any CPU = Release|Any CPU
	EndGlobalSection
	GlobalSection(ProjectConfigurationPlatforms) = postSolution
		{84DA8EA6-EF60-4FCD-B1C6-65C1A8323B3F}.Debug|Any CPU.ActiveCfg = Debug|Any CPU
		{84DA8EA6-EF60-4FCD-B1C6-65C1A8323B3F}.Debug|Any CPU.Build.0 = Debug|Any CPU
		{84DA8EA6-EF60-4FCD-B1C6-65C1A8323B3F}.Release|Any CPU.ActiveCfg = Release|Any CPU
		{84DA8EA6-EF60-4FCD-B1C6-65C1A8323B3F}.Release|Any CPU.Build.0 = Release|Any CPU
		{86531DB1-A231-46C4-823F-BE60972F7523}.Debug|Any CPU.ActiveCfg = Debug|Any CPU
		{86531DB1-A231-46C4-823F-BE60972F7523}.Debug|Any CPU.Build.0 = Debug|Any CPU
		{86531DB1-A231-46C4-823F-BE60972F7523}.Release|Any CPU.ActiveCfg = Release|Any CPU
		{86531DB1-A231-46C4-823F-BE60972F7523}.Release|Any CPU.Build.0 = Release|Any CPU
		{BBE8AC15-12DF-4AF0-ABC1-F1557EB5DC8E}.Debug|Any CPU.ActiveCfg = Debug|Any CPU
		{BBE8AC15-12DF-4AF0-ABC1-F1557EB5DC8E}.Debug|Any CPU.Build.0 = Debug|Any CPU
		{BBE8AC15-12DF-4AF0-ABC1-F1557EB5DC8E}.Release|Any CPU.ActiveCfg = Release|Any CPU
		{BBE8AC15-12DF-4AF0-ABC1-F1557EB5DC8E}.Release|Any CPU.Build.0 = Release|Any CPU
		{C66214CD-0B97-4EA5-B7A2-164F54346F19}.Debug|Any CPU.ActiveCfg = Debug|Any CPU
		{C66214CD-0B97-4EA5-B7A2-164F54346F19}.Debug|Any CPU.Build.0 = Debug|Any CPU
		{C66214CD-0B97-4EA5-B7A2-164F54346F19}.Release|Any CPU.ActiveCfg = Release|Any CPU
		{C66214CD-0B97-4EA5-B7A2-164F54346F19}.Release|Any CPU.Build.0 = Release|Any CPU
		{0E2AAF05-C55A-4B36-8750-F55743FBE4B3}.Debug|Any CPU.ActiveCfg = Debug|Any CPU
		{0E2AAF05-C55A-4B36-8750-F55743FBE4B3}.Debug|Any CPU.Build.0 = Debug|Any CPU
		{0E2AAF05-C55A-4B36-8750-F55743FBE4B3}.Release|Any CPU.ActiveCfg = Release|Any CPU
		{0E2AAF05-C55A-4B36-8750-F55743FBE4B3}.Release|Any CPU.Build.0 = Release|Any CPU
		{8DC57A45-A192-4953-81B1-6907FB7C28D2}.Debug|Any CPU.ActiveCfg = Debug|Any CPU
		{8DC57A45-A192-4953-81B1-6907FB7C28D2}.Debug|Any CPU.Build.0 = Debug|Any CPU
		{8DC57A45-A192-4953-81B1-6907FB7C28D2}.Release|Any CPU.ActiveCfg = Release|Any CPU
		{8DC57A45-A192-4953-81B1-6907FB7C28D2}.Release|Any CPU.Build.0 = Release|Any CPU
		{1403FFE9-4265-4269-8E3D-5A79EFD108CA}.Debug|Any CPU.ActiveCfg = Debug|Any CPU
		{1403FFE9-4265-4269-8E3D-5A79EFD108CA}.Debug|Any CPU.Build.0 = Debug|Any CPU
		{1403FFE9-4265-4269-8E3D-5A79EFD108CA}.Release|Any CPU.ActiveCfg = Release|Any CPU
		{1403FFE9-4265-4269-8E3D-5A79EFD108CA}.Release|Any CPU.Build.0 = Release|Any CPU
		{D52460B3-AB5C-4D07-B400-9E7ADCB01FF5}.Debug|Any CPU.ActiveCfg = Debug|Any CPU
		{D52460B3-AB5C-4D07-B400-9E7ADCB01FF5}.Debug|Any CPU.Build.0 = Debug|Any CPU
		{D52460B3-AB5C-4D07-B400-9E7ADCB01FF5}.Release|Any CPU.ActiveCfg = Release|Any CPU
		{D52460B3-AB5C-4D07-B400-9E7ADCB01FF5}.Release|Any CPU.Build.0 = Release|Any CPU
		{9E7EA895-302A-4C0C-BA9B-54F9A67AD75C}.Debug|Any CPU.ActiveCfg = Debug|Any CPU
		{9E7EA895-302A-4C0C-BA9B-54F9A67AD75C}.Debug|Any CPU.Build.0 = Debug|Any CPU
		{9E7EA895-302A-4C0C-BA9B-54F9A67AD75C}.Release|Any CPU.ActiveCfg = Release|Any CPU
		{9E7EA895-302A-4C0C-BA9B-54F9A67AD75C}.Release|Any CPU.Build.0 = Release|Any CPU
		{9ABE9097-94AE-4B63-90DD-C20A0BC4D78E}.Debug|Any CPU.ActiveCfg = Debug|Any CPU
		{9ABE9097-94AE-4B63-90DD-C20A0BC4D78E}.Debug|Any CPU.Build.0 = Debug|Any CPU
		{9ABE9097-94AE-4B63-90DD-C20A0BC4D78E}.Release|Any CPU.ActiveCfg = Release|Any CPU
		{9ABE9097-94AE-4B63-90DD-C20A0BC4D78E}.Release|Any CPU.Build.0 = Release|Any CPU
		{DCEBBF09-C26B-47C8-A024-F1FF7601BEAF}.Debug|Any CPU.ActiveCfg = Debug|Any CPU
		{DCEBBF09-C26B-47C8-A024-F1FF7601BEAF}.Debug|Any CPU.Build.0 = Debug|Any CPU
		{DCEBBF09-C26B-47C8-A024-F1FF7601BEAF}.Release|Any CPU.ActiveCfg = Release|Any CPU
		{DCEBBF09-C26B-47C8-A024-F1FF7601BEAF}.Release|Any CPU.Build.0 = Release|Any CPU
		{A0F4A66F-6F87-4B99-B8BE-A779BC002F47}.Debug|Any CPU.ActiveCfg = Debug|Any CPU
		{A0F4A66F-6F87-4B99-B8BE-A779BC002F47}.Debug|Any CPU.Build.0 = Debug|Any CPU
		{A0F4A66F-6F87-4B99-B8BE-A779BC002F47}.Release|Any CPU.ActiveCfg = Release|Any CPU
		{A0F4A66F-6F87-4B99-B8BE-A779BC002F47}.Release|Any CPU.Build.0 = Release|Any CPU
		{149822EC-4E0C-425F-A032-4196B615BFEB}.Debug|Any CPU.ActiveCfg = Debug|Any CPU
		{149822EC-4E0C-425F-A032-4196B615BFEB}.Debug|Any CPU.Build.0 = Debug|Any CPU
		{149822EC-4E0C-425F-A032-4196B615BFEB}.Release|Any CPU.ActiveCfg = Release|Any CPU
		{149822EC-4E0C-425F-A032-4196B615BFEB}.Release|Any CPU.Build.0 = Release|Any CPU
		{90185D3E-4813-4BC1-98FE-26FD34311403}.Debug|Any CPU.ActiveCfg = Debug|Any CPU
		{90185D3E-4813-4BC1-98FE-26FD34311403}.Debug|Any CPU.Build.0 = Debug|Any CPU
		{90185D3E-4813-4BC1-98FE-26FD34311403}.Release|Any CPU.ActiveCfg = Release|Any CPU
		{90185D3E-4813-4BC1-98FE-26FD34311403}.Release|Any CPU.Build.0 = Release|Any CPU
		{0DDAF738-0FD3-40A7-A433-C514BCDDF542}.Debug|Any CPU.ActiveCfg = Debug|Any CPU
		{0DDAF738-0FD3-40A7-A433-C514BCDDF542}.Debug|Any CPU.Build.0 = Debug|Any CPU
		{0DDAF738-0FD3-40A7-A433-C514BCDDF542}.Release|Any CPU.ActiveCfg = Release|Any CPU
		{0DDAF738-0FD3-40A7-A433-C514BCDDF542}.Release|Any CPU.Build.0 = Release|Any CPU
		{6BC88E18-3DC5-4514-BC96-AF631A0AC8A6}.Debug|Any CPU.ActiveCfg = Debug|Any CPU
		{6BC88E18-3DC5-4514-BC96-AF631A0AC8A6}.Debug|Any CPU.Build.0 = Debug|Any CPU
		{6BC88E18-3DC5-4514-BC96-AF631A0AC8A6}.Release|Any CPU.ActiveCfg = Release|Any CPU
		{6BC88E18-3DC5-4514-BC96-AF631A0AC8A6}.Release|Any CPU.Build.0 = Release|Any CPU
		{CFA12C4C-5752-49F6-B40D-8BE25EB6B0FB}.Debug|Any CPU.ActiveCfg = Debug|Any CPU
		{CFA12C4C-5752-49F6-B40D-8BE25EB6B0FB}.Debug|Any CPU.Build.0 = Debug|Any CPU
		{CFA12C4C-5752-49F6-B40D-8BE25EB6B0FB}.Release|Any CPU.ActiveCfg = Release|Any CPU
		{CFA12C4C-5752-49F6-B40D-8BE25EB6B0FB}.Release|Any CPU.Build.0 = Release|Any CPU
		{ECEDAF57-F2FC-4743-A3D0-86ED6D1C988B}.Debug|Any CPU.ActiveCfg = Debug|Any CPU
		{ECEDAF57-F2FC-4743-A3D0-86ED6D1C988B}.Debug|Any CPU.Build.0 = Debug|Any CPU
		{ECEDAF57-F2FC-4743-A3D0-86ED6D1C988B}.Release|Any CPU.ActiveCfg = Release|Any CPU
		{ECEDAF57-F2FC-4743-A3D0-86ED6D1C988B}.Release|Any CPU.Build.0 = Release|Any CPU
	EndGlobalSection
	GlobalSection(SolutionProperties) = preSolution
		HideSolutionNode = FALSE
	EndGlobalSection
	GlobalSection(NestedProjects) = preSolution
		{84DA8EA6-EF60-4FCD-B1C6-65C1A8323B3F} = {97E81C78-1637-481F-9485-DA1225E94C23}
		{86531DB1-A231-46C4-823F-BE60972F7523} = {97E81C78-1637-481F-9485-DA1225E94C23}
		{BBE8AC15-12DF-4AF0-ABC1-F1557EB5DC8E} = {97E81C78-1637-481F-9485-DA1225E94C23}
		{C66214CD-0B97-4EA5-B7A2-164F54346F19} = {97E81C78-1637-481F-9485-DA1225E94C23}
		{0E2AAF05-C55A-4B36-8750-F55743FBE4B3} = {97E81C78-1637-481F-9485-DA1225E94C23}
		{8DC57A45-A192-4953-81B1-6907FB7C28D2} = {97E81C78-1637-481F-9485-DA1225E94C23}
		{1403FFE9-4265-4269-8E3D-5A79EFD108CA} = {97E81C78-1637-481F-9485-DA1225E94C23}
		{D52460B3-AB5C-4D07-B400-9E7ADCB01FF5} = {59D802AB-C552-422A-B9C3-64D329FBCDCC}
		{9E7EA895-302A-4C0C-BA9B-54F9A67AD75C} = {59D802AB-C552-422A-B9C3-64D329FBCDCC}
		{9ABE9097-94AE-4B63-90DD-C20A0BC4D78E} = {97E81C78-1637-481F-9485-DA1225E94C23}
		{DCEBBF09-C26B-47C8-A024-F1FF7601BEAF} = {59D802AB-C552-422A-B9C3-64D329FBCDCC}
		{A0F4A66F-6F87-4B99-B8BE-A779BC002F47} = {97E81C78-1637-481F-9485-DA1225E94C23}
		{149822EC-4E0C-425F-A032-4196B615BFEB} = {59D802AB-C552-422A-B9C3-64D329FBCDCC}
		{90185D3E-4813-4BC1-98FE-26FD34311403} = {97E81C78-1637-481F-9485-DA1225E94C23}
		{0DDAF738-0FD3-40A7-A433-C514BCDDF542} = {59D802AB-C552-422A-B9C3-64D329FBCDCC}
		{6BC88E18-3DC5-4514-BC96-AF631A0AC8A6} = {97E81C78-1637-481F-9485-DA1225E94C23}
		{CFA12C4C-5752-49F6-B40D-8BE25EB6B0FB} = {59D802AB-C552-422A-B9C3-64D329FBCDCC}
	EndGlobalSection
	GlobalSection(ExtensibilityGlobals) = postSolution
		SolutionGuid = {61D3ADE6-BBFC-402D-AB42-1C71C9F9EDE3}
	EndGlobalSection
EndGlobal
