
Microsoft Visual Studio Solution File, Format Version 12.00
# Visual Studio 15
VisualStudioVersion = 15.0.27428.2027
MinimumVisualStudioVersion = 10.0.40219.1
Project("{9A19103F-16F7-4668-BE54-9A1E7A4F7556}") = "SimplePolicy", "SimplePolicy\SimplePolicy.csproj", "{322C366E-F891-47FD-A039-0FEF79BCB6D5}"
EndProject
Project("{9A19103F-16F7-4668-BE54-9A1E7A4F7556}") = "ApplicationLogs", "ApplicationLogs\ApplicationLogs.csproj", "{84DA8EA6-EF60-4FCD-B1C6-65C1A8323B3F}"
EndProject
Project("{9A19103F-16F7-4668-BE54-9A1E7A4F7556}") = "RpcSecurity", "RpcSecurity\RpcSecurity.csproj", "{6800D782-8EC0-49E9-98C4-195C8F781A1F}"
EndProject
Project("{9A19103F-16F7-4668-BE54-9A1E7A4F7556}") = "StatesDumper", "StatesDumper\StatesDumper.csproj", "{86531DB1-A231-46C4-823F-BE60972F7523}"
EndProject
Project("{9A19103F-16F7-4668-BE54-9A1E7A4F7556}") = "ImportBlocks", "ImportBlocks\ImportBlocks.csproj", "{B7A42984-57BB-4F8D-967B-23B0E841B726}"
EndProject
Project("{9A19103F-16F7-4668-BE54-9A1E7A4F7556}") = "SimplePolicy.UnitTests", "SimplePolicy.UnitTests\SimplePolicy.UnitTests.csproj", "{0DA81327-DC81-4960-91C8-4C5F8B9B804C}"
	ProjectSection(ProjectDependencies) = postProject
		{00974722-3492-4514-9712-9A7D091A1D24} = {00974722-3492-4514-9712-9A7D091A1D24}
		{2712642F-46ED-47B6-95D9-FB2567BFA2F5} = {2712642F-46ED-47B6-95D9-FB2567BFA2F5}
		{02F32860-7875-4D48-BB8C-FCD121845C6F} = {02F32860-7875-4D48-BB8C-FCD121845C6F}
		{6777CA72-89CB-4FDD-84C3-BC82A440CD58} = {6777CA72-89CB-4FDD-84C3-BC82A440CD58}
		{F6ED9982-E374-4A37-8332-CE4368A9B802} = {F6ED9982-E374-4A37-8332-CE4368A9B802}
		{5DE79897-0F79-48F7-95C1-92B4A73170C6} = {5DE79897-0F79-48F7-95C1-92B4A73170C6}
		{BB4BA99D-2AA8-436B-892D-F82375E565B5} = {BB4BA99D-2AA8-436B-892D-F82375E565B5}
		{63CECEA1-2506-4FDE-BFE2-EA89F75FBF7A} = {63CECEA1-2506-4FDE-BFE2-EA89F75FBF7A}
		{2B3D92C9-CBCD-4AF7-9135-20CD97143ACF} = {2B3D92C9-CBCD-4AF7-9135-20CD97143ACF}
	EndProjectSection
EndProject
Project("{9A19103F-16F7-4668-BE54-9A1E7A4F7556}") = "SmartContract", "SmartContract\SmartContract.csproj", "{F8A461A5-F889-4048-8157-04C295B0EB2E}"
EndProject
Project("{9A19103F-16F7-4668-BE54-9A1E7A4F7556}") = "SmartContract.UnitTests", "SmartContract.UnitTests\SmartContract.UnitTests.csproj", "{50E2FE99-A485-43DC-AD3E-AE41AD5EB997}"
	ProjectSection(ProjectDependencies) = postProject
		{00974722-3492-4514-9712-9A7D091A1D24} = {00974722-3492-4514-9712-9A7D091A1D24}
		{2712642F-46ED-47B6-95D9-FB2567BFA2F5} = {2712642F-46ED-47B6-95D9-FB2567BFA2F5}
		{02F32860-7875-4D48-BB8C-FCD121845C6F} = {02F32860-7875-4D48-BB8C-FCD121845C6F}
		{6777CA72-89CB-4FDD-84C3-BC82A440CD58} = {6777CA72-89CB-4FDD-84C3-BC82A440CD58}
		{F6ED9982-E374-4A37-8332-CE4368A9B802} = {F6ED9982-E374-4A37-8332-CE4368A9B802}
		{5DE79897-0F79-48F7-95C1-92B4A73170C6} = {5DE79897-0F79-48F7-95C1-92B4A73170C6}
		{BB4BA99D-2AA8-436B-892D-F82375E565B5} = {BB4BA99D-2AA8-436B-892D-F82375E565B5}
		{63CECEA1-2506-4FDE-BFE2-EA89F75FBF7A} = {63CECEA1-2506-4FDE-BFE2-EA89F75FBF7A}
		{2B3D92C9-CBCD-4AF7-9135-20CD97143ACF} = {2B3D92C9-CBCD-4AF7-9135-20CD97143ACF}
	EndProjectSection
EndProject
Project("{2150E333-8FDC-42A3-9474-1A3956D46DE8}") = "Resources", "Resources", "{5F4C65F7-1C2D-476D-9530-7D660ED70670}"
EndProject
Project("{FAE04EC0-301F-11D3-BF4B-00C04F79EFBC}") = "AgencyTransaction", "Resources\examples-csharp\AgencyTransaction\AgencyTransaction.csproj", "{2B3D92C9-CBCD-4AF7-9135-20CD97143ACF}"
EndProject
Project("{FAE04EC0-301F-11D3-BF4B-00C04F79EFBC}") = "Domain", "Resources\examples-csharp\Domain\Domain.csproj", "{F6ED9982-E374-4A37-8332-CE4368A9B802}"
EndProject
Project("{FAE04EC0-301F-11D3-BF4B-00C04F79EFBC}") = "EventExample", "Resources\examples-csharp\EventExample\EventExample.csproj", "{63CECEA1-2506-4FDE-BFE2-EA89F75FBF7A}"
EndProject
Project("{FAE04EC0-301F-11D3-BF4B-00C04F79EFBC}") = "HelloWorld", "Resources\examples-csharp\HelloWorld\HelloWorld.csproj", "{BB4BA99D-2AA8-436B-892D-F82375E565B5}"
EndProject
Project("{FAE04EC0-301F-11D3-BF4B-00C04F79EFBC}") = "ICO_Template", "Resources\examples-csharp\ICO_Template\ICO_Template.csproj", "{5DE79897-0F79-48F7-95C1-92B4A73170C6}"
EndProject
Project("{FAE04EC0-301F-11D3-BF4B-00C04F79EFBC}") = "Lock", "Resources\examples-csharp\Lock\Lock.csproj", "{02F32860-7875-4D48-BB8C-FCD121845C6F}"
EndProject
Project("{FAE04EC0-301F-11D3-BF4B-00C04F79EFBC}") = "MapExample", "Resources\examples-csharp\MapExample\MapExample.csproj", "{00974722-3492-4514-9712-9A7D091A1D24}"
EndProject
Project("{FAE04EC0-301F-11D3-BF4B-00C04F79EFBC}") = "NEP5", "Resources\examples-csharp\NEP5\NEP5.csproj", "{2712642F-46ED-47B6-95D9-FB2567BFA2F5}"
EndProject
Project("{FAE04EC0-301F-11D3-BF4B-00C04F79EFBC}") = "StructExample", "Resources\examples-csharp\StructExample\StructExample.csproj", "{6777CA72-89CB-4FDD-84C3-BC82A440CD58}"
EndProject
Global
	GlobalSection(SolutionConfigurationPlatforms) = preSolution
		Debug|Any CPU = Debug|Any CPU
		Release|Any CPU = Release|Any CPU
	EndGlobalSection
	GlobalSection(ProjectConfigurationPlatforms) = postSolution
		{322C366E-F891-47FD-A039-0FEF79BCB6D5}.Debug|Any CPU.ActiveCfg = Debug|Any CPU
		{322C366E-F891-47FD-A039-0FEF79BCB6D5}.Debug|Any CPU.Build.0 = Debug|Any CPU
		{322C366E-F891-47FD-A039-0FEF79BCB6D5}.Release|Any CPU.ActiveCfg = Release|Any CPU
		{322C366E-F891-47FD-A039-0FEF79BCB6D5}.Release|Any CPU.Build.0 = Release|Any CPU
		{84DA8EA6-EF60-4FCD-B1C6-65C1A8323B3F}.Debug|Any CPU.ActiveCfg = Debug|Any CPU
		{84DA8EA6-EF60-4FCD-B1C6-65C1A8323B3F}.Debug|Any CPU.Build.0 = Debug|Any CPU
		{84DA8EA6-EF60-4FCD-B1C6-65C1A8323B3F}.Release|Any CPU.ActiveCfg = Release|Any CPU
		{84DA8EA6-EF60-4FCD-B1C6-65C1A8323B3F}.Release|Any CPU.Build.0 = Release|Any CPU
		{6800D782-8EC0-49E9-98C4-195C8F781A1F}.Debug|Any CPU.ActiveCfg = Debug|Any CPU
		{6800D782-8EC0-49E9-98C4-195C8F781A1F}.Debug|Any CPU.Build.0 = Debug|Any CPU
		{6800D782-8EC0-49E9-98C4-195C8F781A1F}.Release|Any CPU.ActiveCfg = Release|Any CPU
		{6800D782-8EC0-49E9-98C4-195C8F781A1F}.Release|Any CPU.Build.0 = Release|Any CPU
		{86531DB1-A231-46C4-823F-BE60972F7523}.Debug|Any CPU.ActiveCfg = Debug|Any CPU
		{86531DB1-A231-46C4-823F-BE60972F7523}.Debug|Any CPU.Build.0 = Debug|Any CPU
		{86531DB1-A231-46C4-823F-BE60972F7523}.Release|Any CPU.ActiveCfg = Release|Any CPU
		{86531DB1-A231-46C4-823F-BE60972F7523}.Release|Any CPU.Build.0 = Release|Any CPU
		{B7A42984-57BB-4F8D-967B-23B0E841B726}.Debug|Any CPU.ActiveCfg = Debug|Any CPU
		{B7A42984-57BB-4F8D-967B-23B0E841B726}.Debug|Any CPU.Build.0 = Debug|Any CPU
		{B7A42984-57BB-4F8D-967B-23B0E841B726}.Release|Any CPU.ActiveCfg = Release|Any CPU
		{B7A42984-57BB-4F8D-967B-23B0E841B726}.Release|Any CPU.Build.0 = Release|Any CPU
		{0DA81327-DC81-4960-91C8-4C5F8B9B804C}.Debug|Any CPU.ActiveCfg = Debug|Any CPU
		{0DA81327-DC81-4960-91C8-4C5F8B9B804C}.Debug|Any CPU.Build.0 = Debug|Any CPU
		{0DA81327-DC81-4960-91C8-4C5F8B9B804C}.Release|Any CPU.ActiveCfg = Release|Any CPU
		{0DA81327-DC81-4960-91C8-4C5F8B9B804C}.Release|Any CPU.Build.0 = Release|Any CPU
		{F8A461A5-F889-4048-8157-04C295B0EB2E}.Debug|Any CPU.ActiveCfg = Debug|Any CPU
		{F8A461A5-F889-4048-8157-04C295B0EB2E}.Debug|Any CPU.Build.0 = Debug|Any CPU
		{F8A461A5-F889-4048-8157-04C295B0EB2E}.Release|Any CPU.ActiveCfg = Release|Any CPU
		{F8A461A5-F889-4048-8157-04C295B0EB2E}.Release|Any CPU.Build.0 = Release|Any CPU
		{50E2FE99-A485-43DC-AD3E-AE41AD5EB997}.Debug|Any CPU.ActiveCfg = Debug|Any CPU
		{50E2FE99-A485-43DC-AD3E-AE41AD5EB997}.Debug|Any CPU.Build.0 = Debug|Any CPU
		{50E2FE99-A485-43DC-AD3E-AE41AD5EB997}.Release|Any CPU.ActiveCfg = Release|Any CPU
		{50E2FE99-A485-43DC-AD3E-AE41AD5EB997}.Release|Any CPU.Build.0 = Release|Any CPU
		{2B3D92C9-CBCD-4AF7-9135-20CD97143ACF}.Debug|Any CPU.ActiveCfg = Debug|Any CPU
		{2B3D92C9-CBCD-4AF7-9135-20CD97143ACF}.Debug|Any CPU.Build.0 = Debug|Any CPU
		{2B3D92C9-CBCD-4AF7-9135-20CD97143ACF}.Release|Any CPU.ActiveCfg = Release|Any CPU
		{2B3D92C9-CBCD-4AF7-9135-20CD97143ACF}.Release|Any CPU.Build.0 = Release|Any CPU
		{F6ED9982-E374-4A37-8332-CE4368A9B802}.Debug|Any CPU.ActiveCfg = Debug|Any CPU
		{F6ED9982-E374-4A37-8332-CE4368A9B802}.Debug|Any CPU.Build.0 = Debug|Any CPU
		{F6ED9982-E374-4A37-8332-CE4368A9B802}.Release|Any CPU.ActiveCfg = Release|Any CPU
		{F6ED9982-E374-4A37-8332-CE4368A9B802}.Release|Any CPU.Build.0 = Release|Any CPU
		{63CECEA1-2506-4FDE-BFE2-EA89F75FBF7A}.Debug|Any CPU.ActiveCfg = Debug|Any CPU
		{63CECEA1-2506-4FDE-BFE2-EA89F75FBF7A}.Debug|Any CPU.Build.0 = Debug|Any CPU
		{63CECEA1-2506-4FDE-BFE2-EA89F75FBF7A}.Release|Any CPU.ActiveCfg = Release|Any CPU
		{63CECEA1-2506-4FDE-BFE2-EA89F75FBF7A}.Release|Any CPU.Build.0 = Release|Any CPU
		{BB4BA99D-2AA8-436B-892D-F82375E565B5}.Debug|Any CPU.ActiveCfg = Debug|Any CPU
		{BB4BA99D-2AA8-436B-892D-F82375E565B5}.Debug|Any CPU.Build.0 = Debug|Any CPU
		{BB4BA99D-2AA8-436B-892D-F82375E565B5}.Release|Any CPU.ActiveCfg = Release|Any CPU
		{BB4BA99D-2AA8-436B-892D-F82375E565B5}.Release|Any CPU.Build.0 = Release|Any CPU
		{5DE79897-0F79-48F7-95C1-92B4A73170C6}.Debug|Any CPU.ActiveCfg = Debug|Any CPU
		{5DE79897-0F79-48F7-95C1-92B4A73170C6}.Debug|Any CPU.Build.0 = Debug|Any CPU
		{5DE79897-0F79-48F7-95C1-92B4A73170C6}.Release|Any CPU.ActiveCfg = Release|Any CPU
		{5DE79897-0F79-48F7-95C1-92B4A73170C6}.Release|Any CPU.Build.0 = Release|Any CPU
		{02F32860-7875-4D48-BB8C-FCD121845C6F}.Debug|Any CPU.ActiveCfg = Debug|Any CPU
		{02F32860-7875-4D48-BB8C-FCD121845C6F}.Debug|Any CPU.Build.0 = Debug|Any CPU
		{02F32860-7875-4D48-BB8C-FCD121845C6F}.Release|Any CPU.ActiveCfg = Release|Any CPU
		{02F32860-7875-4D48-BB8C-FCD121845C6F}.Release|Any CPU.Build.0 = Release|Any CPU
		{00974722-3492-4514-9712-9A7D091A1D24}.Debug|Any CPU.ActiveCfg = Debug|Any CPU
		{00974722-3492-4514-9712-9A7D091A1D24}.Debug|Any CPU.Build.0 = Debug|Any CPU
		{00974722-3492-4514-9712-9A7D091A1D24}.Release|Any CPU.ActiveCfg = Release|Any CPU
		{00974722-3492-4514-9712-9A7D091A1D24}.Release|Any CPU.Build.0 = Release|Any CPU
		{2712642F-46ED-47B6-95D9-FB2567BFA2F5}.Debug|Any CPU.ActiveCfg = Debug|Any CPU
		{2712642F-46ED-47B6-95D9-FB2567BFA2F5}.Debug|Any CPU.Build.0 = Debug|Any CPU
		{2712642F-46ED-47B6-95D9-FB2567BFA2F5}.Release|Any CPU.ActiveCfg = Release|Any CPU
		{2712642F-46ED-47B6-95D9-FB2567BFA2F5}.Release|Any CPU.Build.0 = Release|Any CPU
		{6777CA72-89CB-4FDD-84C3-BC82A440CD58}.Debug|Any CPU.ActiveCfg = Debug|Any CPU
		{6777CA72-89CB-4FDD-84C3-BC82A440CD58}.Debug|Any CPU.Build.0 = Debug|Any CPU
		{6777CA72-89CB-4FDD-84C3-BC82A440CD58}.Release|Any CPU.ActiveCfg = Release|Any CPU
		{6777CA72-89CB-4FDD-84C3-BC82A440CD58}.Release|Any CPU.Build.0 = Release|Any CPU
	EndGlobalSection
	GlobalSection(SolutionProperties) = preSolution
		HideSolutionNode = FALSE
	EndGlobalSection
	GlobalSection(NestedProjects) = preSolution
		{2B3D92C9-CBCD-4AF7-9135-20CD97143ACF} = {5F4C65F7-1C2D-476D-9530-7D660ED70670}
		{F6ED9982-E374-4A37-8332-CE4368A9B802} = {5F4C65F7-1C2D-476D-9530-7D660ED70670}
		{63CECEA1-2506-4FDE-BFE2-EA89F75FBF7A} = {5F4C65F7-1C2D-476D-9530-7D660ED70670}
		{BB4BA99D-2AA8-436B-892D-F82375E565B5} = {5F4C65F7-1C2D-476D-9530-7D660ED70670}
		{5DE79897-0F79-48F7-95C1-92B4A73170C6} = {5F4C65F7-1C2D-476D-9530-7D660ED70670}
		{02F32860-7875-4D48-BB8C-FCD121845C6F} = {5F4C65F7-1C2D-476D-9530-7D660ED70670}
		{00974722-3492-4514-9712-9A7D091A1D24} = {5F4C65F7-1C2D-476D-9530-7D660ED70670}
		{2712642F-46ED-47B6-95D9-FB2567BFA2F5} = {5F4C65F7-1C2D-476D-9530-7D660ED70670}
		{6777CA72-89CB-4FDD-84C3-BC82A440CD58} = {5F4C65F7-1C2D-476D-9530-7D660ED70670}
	EndGlobalSection
	GlobalSection(ExtensibilityGlobals) = postSolution
		SolutionGuid = {61D3ADE6-BBFC-402D-AB42-1C71C9F9EDE3}
	EndGlobalSection
EndGlobal
