
Microsoft Visual Studio Solution File, Format Version 12.00
# Visual Studio 2017
Project("{FAE04EC0-301F-11D3-BF4B-00C04F79EFBC}") = "CoreMetrics", "CoreMetrics.csproj", "{C15DE273-939D-4322-BA89-4F22388AC0AE}"
EndProject
Global
	GlobalSection(SolutionConfigurationPlatforms) = preSolution
		Debug|Any CPU = Debug|Any CPU
		Release|Any CPU = Release|Any CPU
	EndGlobalSection
	GlobalSection(ProjectConfigurationPlatforms) = postSolution
		{C15DE273-939D-4322-BA89-4F22388AC0AE}.Debug|Any CPU.ActiveCfg = Debug|Any CPU
		{C15DE273-939D-4322-BA89-4F22388AC0AE}.Debug|Any CPU.Build.0 = Debug|Any CPU
		{C15DE273-939D-4322-BA89-4F22388AC0AE}.Release|Any CPU.ActiveCfg = Release|Any CPU
		{C15DE273-939D-4322-BA89-4F22388AC0AE}.Release|Any CPU.Build.0 = Release|Any CPU
	EndGlobalSection
EndGlobal
