
Microsoft Visual Studio Solution File, Format Version 12.00
# Visual Studio 2017
Project("{FAE04EC0-301F-11D3-BF4B-00C04F79EFBC}") = "CoreMetrics", "CoreMetrics.csproj", "{4A7B6156-43A2-46BE-B14D-C7AFCB39B800}"
EndProject
Global
	GlobalSection(SolutionConfigurationPlatforms) = preSolution
		Debug|Any CPU = Debug|Any CPU
		Release|Any CPU = Release|Any CPU
	EndGlobalSection
	GlobalSection(ProjectConfigurationPlatforms) = postSolution
		{4A7B6156-43A2-46BE-B14D-C7AFCB39B800}.Debug|Any CPU.ActiveCfg = Debug|Any CPU
		{4A7B6156-43A2-46BE-B14D-C7AFCB39B800}.Debug|Any CPU.Build.0 = Debug|Any CPU
		{4A7B6156-43A2-46BE-B14D-C7AFCB39B800}.Release|Any CPU.ActiveCfg = Release|Any CPU
		{4A7B6156-43A2-46BE-B14D-C7AFCB39B800}.Release|Any CPU.Build.0 = Release|Any CPU
	EndGlobalSection
EndGlobal
